PODS:
  - Charts (2.2.5):
    - Charts/Core (= 2.2.5)
  - Charts/Core (2.2.5)
  - SwiftyJSON (2.3.2)

DEPENDENCIES:
  - Charts (from `https://github.com/danielgindi/Charts.git`, branch `Swift-3.0`)
  - SwiftyJSON (from `https://github.com/IBM-Swift/SwiftyJSON.git`)

EXTERNAL SOURCES:
  Charts:
    :branch: Swift-3.0
    :git: https://github.com/danielgindi/Charts.git
  SwiftyJSON:
    :git: https://github.com/IBM-Swift/SwiftyJSON.git

CHECKOUT OPTIONS:
  Charts:
    :commit: 2dd22b903a78d0d34d07ef71728c41ac22f6a114
    :git: https://github.com/danielgindi/Charts.git
  SwiftyJSON:
    :commit: 21e2e6ba20cc2c0e35162798f0729bb0c4cbe23d
    :git: https://github.com/IBM-Swift/SwiftyJSON.git

SPEC CHECKSUMS:
  Charts: b48fcc8d7190de910ff9e9748f5360c8ea7856e5
  SwiftyJSON: 04ccea08915aa0109039157c7974cf0298da292a

PODFILE CHECKSUM: 46743688483f7b5730308f9e37e3d026d2cce951

COCOAPODS: 1.0.1
