PODS:
  - Charts (2.2.4):
    - Charts/Core (= 2.2.4)
  - Charts/Core (2.2.4)
  - SwiftyJSON (2.3.2)

DEPENDENCIES:
  - Charts (~> 2.2)
  - SwiftyJSON (~> 2.3)

SPEC CHECKSUMS:
  Charts: a9e735c83c6d376ade20f6612dcf0ba217394a49
  SwiftyJSON: 04ccea08915aa0109039157c7974cf0298da292a

COCOAPODS: 0.39.0
